{
	"requires": true,
	"lockfileVersion": 1,
	"dependencies": {
		"flatstr": {
			"version": "1.0.5",
			"resolved": "https://registry.npmjs.org/flatstr/-/flatstr-1.0.5.tgz",
			"integrity": "sha1-W0UbCMvUji6sVKK74L9GFlqhS+M="
		},
		"repeat-string": {
			"version": "1.6.1",
			"resolved": "https://registry.npmjs.org/repeat-string/-/repeat-string-1.6.1.tgz",
			"integrity": "sha1-jcrkcOHIirwtYA//Sndihtp15jc="
		}
	}
}
