{
	"requires": true,
	"lockfileVersion": 1,
	"dependencies": {
		"flatstr": {
			"version": "1.0.0",
			"resolved": "https://registry.npmjs.org/flatstr/-/flatstr-1.0.0.tgz",
			"integrity": "sha1-K3A8bGw8oBjITWyByrtiHmoX/UM="
		},
		"repeat-string": {
			"version": "1.6.1",
			"resolved": "https://registry.npmjs.org/repeat-string/-/repeat-string-1.6.1.tgz",
			"integrity": "sha1-jcrkcOHIirwtYA//Sndihtp15jc="
		}
	}
}
